// !$*UTF8*$!
{
	archiveVersion = 1;
	classes = {
	};
	objectVersion = 46;
	objects = {

/* Begin PBXBuildFile section */
		962E83AB1CAAF43A006E6328 /* AppDelegate.swift in Sources */ = {isa = PBXBuildFile; fileRef = 962E83AA1CAAF43A006E6328 /* AppDelegate.swift */; };
		962E83AD1CAAF43A006E6328 /* ViewController.swift in Sources */ = {isa = PBXBuildFile; fileRef = 962E83AC1CAAF43A006E6328 /* ViewController.swift */; };
		962E83B01CAAF43A006E6328 /* Main.storyboard in Resources */ = {isa = PBXBuildFile; fileRef = 962E83AE1CAAF43A006E6328 /* Main.storyboard */; };
		962E83B21CAAF43A006E6328 /* Assets.xcassets in Resources */ = {isa = PBXBuildFile; fileRef = 962E83B11CAAF43A006E6328 /* Assets.xcassets */; };
		962E83B51CAAF43A006E6328 /* LaunchScreen.storyboard in Resources */ = {isa = PBXBuildFile; fileRef = 962E83B31CAAF43A006E6328 /* LaunchScreen.storyboard */; };
/* End PBXBuildFile section */

/* Begin PBXFileReference section */
		962E83A71CAAF439006E6328 /* FinalProject.app */ = {isa = PBXFileReference; explicitFileType = wrapper.application; includeInIndex = 0; path = FinalProject.app; sourceTree = BUILT_PRODUCTS_DIR; };
		962E83AA1CAAF43A006E6328 /* AppDelegate.swift */ = {isa = PBXFileReference; lastKnownFileType = sourcecode.swift; path = AppDelegate.swift; sourceTree = "<group>"; };
		962E83AC1CAAF43A006E6328 /* ViewController.swift */ = {isa = PBXFileReference; lastKnownFileType = sourcecode.swift; path = ViewController.swift; sourceTree = "<group>"; };
		962E83AF1CAAF43A006E6328 /* Base */ = {isa = PBXFileReference; lastKnownFileType = file.storyboard; name = Base; path = Base.lproj/Main.storyboard; sourceTree = "<group>"; };
		962E83B11CAAF43A006E6328 /* Assets.xcassets */ = {isa = PBXFileReference; lastKnownFileType = folder.assetcatalog; path = Assets.xcassets; sourceTree = "<group>"; };
		962E83B41CAAF43A006E6328 /* Base */ = {isa = PBXFileReference; lastKnownFileType = file.storyboard; name = Base; path = Base.lproj/LaunchScreen.storyboard; sourceTree = "<group>"; };
		962E83B61CAAF43A006E6328 /* Info.plist */ = {isa = PBXFileReference; lastKnownFileType = text.plist.xml; path = Info.plist; sourceTree = "<group>"; };
/* End PBXFileReference section */

/* Begin PBXFrameworksBuildPhase section */
		962E83A41CAAF439006E6328 /* Frameworks */ = {
			isa = PBXFrameworksBuildPhase;
			buildActionMask = 2147483647;
			files = (
			);
			runOnlyForDeploymentPostprocessing = 0;
		};
/* End PBXFrameworksBuildPhase section */

/* Begin PBXGroup section */
		962E839E1CAAF438006E6328 = {
			isa = PBXGroup;
			children = (
				962E83A91CAAF439006E6328 /* FinalProject */,
				962E83A81CAAF439006E6328 /* Products */,
			);
			sourceTree = "<group>";
		};
		962E83A81CAAF439006E6328 /* Products */ = {
			isa = PBXGroup;
			children = (
				962E83A71CAAF439006E6328 /* FinalProject.app */,
			);
			name = Products;
			sourceTree = "<group>";
		};
		962E83A91CAAF439006E6328 /* FinalProject */ = {
			isa = PBXGroup;
			children = (
				962E83AA1CAAF43A006E6328 /* AppDelegate.swift */,
				962E83AC1CAAF43A006E6328 /* ViewController.swift */,
				962E83AE1CAAF43A006E6328 /* Main.storyboard */,
				962E83B11CAAF43A006E6328 /* Assets.xcassets */,
				962E83B31CAAF43A006E6328 /* LaunchScreen.storyboard */,
				962E83B61CAAF43A006E6328 /* Info.plist */,
			);
			path = FinalProject;
			sourceTree = "<group>";
		};
/* End PBXGroup section */

/* Begin PBXNativeTarget section */
		962E83A61CAAF439006E6328 /* FinalProject */ = {
			isa = PBXNativeTarget;
			buildConfigurationList = 962E83B91CAAF43A006E6328 /* Build configuration list for PBXNativeTarget "FinalProject" */;
			buildPhases = (
				962E83A31CAAF439006E6328 /* Sources */,
				962E83A41CAAF439006E6328 /* Frameworks */,
				962E83A51CAAF439006E6328 /* Resources */,
			);
			buildRules = (
			);
			dependencies = (
			);
			name = FinalProject;
			productName = FinalProject;
			productReference = 962E83A71CAAF439006E6328 /* FinalProject.app */;
			productType = "com.apple.product-type.application";
		};
/* End PBXNativeTarget section */

/* Begin PBXProject section */
		962E839F1CAAF439006E6328 /* Project object */ = {
			isa = PBXProject;
			attributes = {
				LastSwiftUpdateCheck = 0720;
				LastUpgradeCheck = 0720;
				ORGANIZATIONNAME = "Jack Larson";
				TargetAttributes = {
					962E83A61CAAF439006E6328 = {
						CreatedOnToolsVersion = 7.2;
						DevelopmentTeam = W3T3M35GAC;
					};
				};
			};
			buildConfigurationList = 962E83A21CAAF439006E6328 /* Build configuration list for PBXProject "FinalProject" */;
			compatibilityVersion = "Xcode 3.2";
			developmentRegion = English;
			hasScannedForEncodings = 0;
			knownRegions = (
				en,
				Base,
			);
			mainGroup = 962E839E1CAAF438006E6328;
			productRefGroup = 962E83A81CAAF439006E6328 /* Products */;
			projectDirPath = "";
			projectRoot = "";
			targets = (
				962E83A61CAAF439006E6328 /* FinalProject */,
			);
		};
/* End PBXProject section */

/* Begin PBXResourcesBuildPhase section */
		962E83A51CAAF439006E6328 /* Resources */ = {
			isa = PBXResourcesBuildPhase;
			buildActionMask = 2147483647;
			files = (
				962E83B51CAAF43A006E6328 /* LaunchScreen.storyboard in Resources */,
				962E83B21CAAF43A006E6328 /* Assets.xcassets in Resources */,
				962E83B01CAAF43A006E6328 /* Main.storyboard in Resources */,
			);
			runOnlyForDeploymentPostprocessing = 0;
		};
/* End PBXResourcesBuildPhase section */

/* Begin PBXSourcesBuildPhase section */
		962E83A31CAAF439006E6328 /* Sources */ = {
			isa = PBXSourcesBuildPhase;
			buildActionMask = 2147483647;
			files = (
				962E83AD1CAAF43A006E6328 /* ViewController.swift in Sources */,
				962E83AB1CAAF43A006E6328 /* AppDelegate.swift in Sources */,
			);
			runOnlyForDeploymentPostprocessing = 0;
		};
/* End PBXSourcesBuildPhase section */

/* Begin PBXVariantGroup section */
		962E83AE1CAAF43A006E6328 /* Main.storyboard */ = {
			isa = PBXVariantGroup;
			children = (
				962E83AF1CAAF43A006E6328 /* Base */,
			);
			name = Main.storyboard;
			sourceTree = "<group>";
		};
		962E83B31CAAF43A006E6328 /* LaunchScreen.storyboard */ = {
			isa = PBXVariantGroup;
			children = (
				962E83B41CAAF43A006E6328 /* Base */,
			);
			name = LaunchScreen.storyboard;
			sourceTree = "<group>";
		};
/* End PBXVariantGroup section */

/* Begin XCBuildConfiguration section */
		962E83B71CAAF43A006E6328 /* Debug */ = {
			isa = XCBuildConfiguration;
			buildSettings = {
				ALWAYS_SEARCH_USER_PATHS = NO;
				CLANG_CXX_LANGUAGE_STANDARD = "gnu++0x";
				CLANG_CXX_LIBRARY = "libc++";
				CLANG_ENABLE_MODULES = YES;
				CLANG_ENABLE_OBJC_ARC = YES;
				CLANG_WARN_BOOL_CONVERSION = YES;
				CLANG_WARN_CONSTANT_CONVERSION = YES;
				CLANG_WARN_DIRECT_OBJC_ISA_USAGE = YES_ERROR;
				CLANG_WARN_EMPTY_BODY = YES;
				CLANG_WARN_ENUM_CONVERSION = YES;
				CLANG_WARN_INT_CONVERSION = YES;
				CLANG_WARN_OBJC_ROOT_CLASS = YES_ERROR;
				CLANG_WARN_UNREACHABLE_CODE = YES;
				CLANG_WARN__DUPLICATE_METHOD_MATCH = YES;
				"CODE_SIGN_IDENTITY[sdk=iphoneos*]" = "iPhone Developer";
				COPY_PHASE_STRIP = NO;
				DEBUG_INFORMATION_FORMAT = dwarf;
				ENABLE_STRICT_OBJC_MSGSEND = YES;
				ENABLE_TESTABILITY = YES;
				GCC_C_LANGUAGE_STANDARD = gnu99;
				GCC_DYNAMIC_NO_PIC = NO;
				GCC_NO_COMMON_BLOCKS = YES;
				GCC_OPTIMIZATION_LEVEL = 0;
				GCC_PREPROCESSOR_DEFINITIONS = (
					"DEBUG=1",
					"$(inherited)",
				);
				GCC_WARN_64_TO_32_BIT_CONVERSION = YES;
				GCC_WARN_ABOUT_RETURN_TYPE = YES_ERROR;
				GCC_WARN_UNDECLARED_SELECTOR = YES;
				GCC_WARN_UNINITIALIZED_AUTOS = YES_AGGRESSIVE;
				GCC_WARN_UNUSED_FUNCTION = YES;
				GCC_WARN_UNUSED_VARIABLE = YES;
				IPHONEOS_DEPLOYMENT_TARGET = 9.2;
				MTL_ENABLE_DEBUG_INFO = YES;
				ONLY_ACTIVE_ARCH = YES;
				SDKROOT = iphoneos;
				SWIFT_OPTIMIZATION_LEVEL = "-Onone";
				TARGETED_DEVICE_FAMILY = "1,2";
			};
			name = Debug;
		};
		962E83B81CAAF43A006E6328 /* Release */ = {
			isa = XCBuildConfiguration;
			buildSettings = {
				ALWAYS_SEARCH_USER_PATHS = NO;
				CLANG_CXX_LANGUAGE_STANDARD = "gnu++0x";
				CLANG_CXX_LIBRARY = "libc++";
				CLANG_ENABLE_MODULES = YES;
				CLANG_ENABLE_OBJC_ARC = YES;
				CLANG_WARN_BOOL_CONVERSION = YES;
				CLANG_WARN_CONSTANT_CONVERSION = YES;
				CLANG_WARN_DIRECT_OBJC_ISA_USAGE = YES_ERROR;
				CLANG_WARN_EMPTY_BODY = YES;
				CLANG_WARN_ENUM_CONVERSION = YES;
				CLANG_WARN_INT_CONVERSION = YES;
				CLANG_WARN_OBJC_ROOT_CLASS = YES_ERROR;
				CLANG_WARN_UNREACHABLE_CODE = YES;
				CLANG_WARN__DUPLICATE_METHOD_MATCH = YES;
				"CODE_SIGN_IDENTITY[sdk=iphoneos*]" = "iPhone Developer";
				COPY_PHASE_STRIP = NO;
				DEBUG_INFORMATION_FORMAT = "dwarf-with-dsym";
				ENABLE_NS_ASSERTIONS = NO;
				ENABLE_STRICT_OBJC_MSGSEND = YES;
				GCC_C_LANGUAGE_STANDARD = gnu99;
				GCC_NO_COMMON_BLOCKS = YES;
				GCC_WARN_64_TO_32_BIT_CONVERSION = YES;
				GCC_WARN_ABOUT_RETURN_TYPE = YES_ERROR;
				GCC_WARN_UNDECLARED_SELECTOR = YES;
				GCC_WARN_UNINITIALIZED_AUTOS = YES_AGGRESSIVE;
				GCC_WARN_UNUSED_FUNCTION = YES;
				GCC_WARN_UNUSED_VARIABLE = YES;
				IPHONEOS_DEPLOYMENT_TARGET = 9.2;
				MTL_ENABLE_DEBUG_INFO = NO;
				SDKROOT = iphoneos;
				TARGETED_DEVICE_FAMILY = "1,2";
				VALIDATE_PRODUCT = YES;
			};
			name = Release;
		};
		962E83BA1CAAF43A006E6328 /* Debug */ = {
			isa = XCBuildConfiguration;
			buildSettings = {
				ASSETCATALOG_COMPILER_APPICON_NAME = AppIcon;
				INFOPLIST_FILE = FinalProject/Info.plist;
				LD_RUNPATH_SEARCH_PATHS = "$(inherited) @executable_path/Frameworks";
				PRODUCT_BUNDLE_IDENTIFIER = MobileApps.FinalProject;
				PRODUCT_NAME = "$(TARGET_NAME)";
			};
			name = Debug;
		};
		962E83BB1CAAF43A006E6328 /* Release */ = {
			isa = XCBuildConfiguration;
			buildSettings = {
				ASSETCATALOG_COMPILER_APPICON_NAME = AppIcon;
				INFOPLIST_FILE = FinalProject/Info.plist;
				LD_RUNPATH_SEARCH_PATHS = "$(inherited) @executable_path/Frameworks";
				PRODUCT_BUNDLE_IDENTIFIER = MobileApps.FinalProject;
				PRODUCT_NAME = "$(TARGET_NAME)";
			};
			name = Release;
		};
/* End XCBuildConfiguration section */

/* Begin XCConfigurationList section */
		962E83A21CAAF439006E6328 /* Build configuration list for PBXProject "FinalProject" */ = {
			isa = XCConfigurationList;
			buildConfigurations = (
				962E83B71CAAF43A006E6328 /* Debug */,
				962E83B81CAAF43A006E6328 /* Release */,
			);
			defaultConfigurationIsVisible = 0;
			defaultConfigurationName = Release;
		};
		962E83B91CAAF43A006E6328 /* Build configuration list for PBXNativeTarget "FinalProject" */ = {
			isa = XCConfigurationList;
			buildConfigurations = (
				962E83BA1CAAF43A006E6328 /* Debug */,
				962E83BB1CAAF43A006E6328 /* Release */,
			);
			defaultConfigurationIsVisible = 0;
		};
/* End XCConfigurationList section */
	};
	rootObject = 962E839F1CAAF439006E6328 /* Project object */;
}
